
Microsoft Visual Studio Solution File, Format Version 11.00
# Visual Studio 2010
Project("{2150E333-8FDC-42A3-9474-1A3956D46DE8}") = ".nuget", ".nuget", "{31E522A2-7AFE-4646-957E-4E97A2C56476}"
	ProjectSection(SolutionItems) = preProject
		.nuget\NuGet.Config = .nuget\NuGet.Config
		.nuget\NuGet.exe = .nuget\NuGet.exe
		.nuget\NuGet.targets = .nuget\NuGet.targets
	EndProjectSection
EndProject
Project("{2150E333-8FDC-42A3-9474-1A3956D46DE8}") = "Properties", "Properties", "{D4A90118-6EC1-40E1-A79A-7042D1434ACB}"
	ProjectSection(SolutionItems) = preProject
		Properties\SolutionInfo.cs = Properties\SolutionInfo.cs
	EndProjectSection
EndProject
Project("{2150E333-8FDC-42A3-9474-1A3956D46DE8}") = "CodeAnalysis", "CodeAnalysis", "{CA57480B-317A-4214-B806-4C9B03F609CD}"
	ProjectSection(SolutionItems) = preProject
		CodeAnalysis\Solution.ruleset = CodeAnalysis\Solution.ruleset
		CodeAnalysis\Solution.Tests.ruleset = CodeAnalysis\Solution.Tests.ruleset
		CodeAnalysis\SolutionDictionary.xml = CodeAnalysis\SolutionDictionary.xml
		CodeAnalysis\SolutionSuppressions.cs = CodeAnalysis\SolutionSuppressions.cs
	EndProjectSection
EndProject
Project("{FAE04EC0-301F-11D3-BF4B-00C04F79EFBC}") = "HansKindberg.Web.Mvp", "HansKindberg.Web.Mvp\HansKindberg.Web.Mvp.csproj", "{B46222DC-6B0B-402C-BE78-D76C66C8F131}"
EndProject
Project("{FAE04EC0-301F-11D3-BF4B-00C04F79EFBC}") = "HansKindberg.Web.Mvp.Tests", "HansKindberg.Web.Mvp.Tests\HansKindberg.Web.Mvp.Tests.csproj", "{0B18991D-37E0-4B92-8E15-9A5FF7366E79}"
EndProject
Project("{2150E333-8FDC-42A3-9474-1A3956D46DE8}") = "Solution Items", "Solution Items", "{FC603E03-C0B9-4E94-9930-9DE6DFA89D8C}"
	ProjectSection(SolutionItems) = preProject
		HansKindberg-Web-MVP.vsmdi = HansKindberg-Web-MVP.vsmdi
		HansKindberg.snk = HansKindberg.snk
		Local.testsettings = Local.testsettings
		README.md = README.md
		TraceAndTestImpact.testsettings = TraceAndTestImpact.testsettings
	EndProjectSection
EndProject
Project("{FAE04EC0-301F-11D3-BF4B-00C04F79EFBC}") = "HansKindberg.Web.Mvp.IoC.StructureMap", "HansKindberg.Web.Mvp.IoC.StructureMap\HansKindberg.Web.Mvp.IoC.StructureMap.csproj", "{A3667AEE-EA26-43B5-81E8-2FF410F25241}"
EndProject
Project("{FAE04EC0-301F-11D3-BF4B-00C04F79EFBC}") = "HansKindberg.Web.Mvp.IoC.StructureMap.Tests", "HansKindberg.Web.Mvp.IoC.StructureMap.Tests\HansKindberg.Web.Mvp.IoC.StructureMap.Tests.csproj", "{58EE3302-BB18-443D-B016-AE2072F1A467}"
EndProject
Project("{FAE04EC0-301F-11D3-BF4B-00C04F79EFBC}") = "HansKindberg.Web.Mvp.WebApplication", "HansKindberg.Web.Mvp.WebApplication\HansKindberg.Web.Mvp.WebApplication.csproj", "{F5FA27B5-20AE-41A1-81F5-34E574D6B726}"
EndProject
Global
	GlobalSection(TestCaseManagementSettings) = postSolution
		CategoryFile = HansKindberg-Web-MVP.vsmdi
	EndGlobalSection
	GlobalSection(SolutionConfigurationPlatforms) = preSolution
		Debug|Any CPU = Debug|Any CPU
		Release|Any CPU = Release|Any CPU
	EndGlobalSection
	GlobalSection(ProjectConfigurationPlatforms) = postSolution
		{B46222DC-6B0B-402C-BE78-D76C66C8F131}.Debug|Any CPU.ActiveCfg = Debug|Any CPU
		{B46222DC-6B0B-402C-BE78-D76C66C8F131}.Debug|Any CPU.Build.0 = Debug|Any CPU
		{B46222DC-6B0B-402C-BE78-D76C66C8F131}.Release|Any CPU.ActiveCfg = Release|Any CPU
		{B46222DC-6B0B-402C-BE78-D76C66C8F131}.Release|Any CPU.Build.0 = Release|Any CPU
		{0B18991D-37E0-4B92-8E15-9A5FF7366E79}.Debug|Any CPU.ActiveCfg = Debug|Any CPU
		{0B18991D-37E0-4B92-8E15-9A5FF7366E79}.Debug|Any CPU.Build.0 = Debug|Any CPU
		{0B18991D-37E0-4B92-8E15-9A5FF7366E79}.Release|Any CPU.ActiveCfg = Release|Any CPU
		{0B18991D-37E0-4B92-8E15-9A5FF7366E79}.Release|Any CPU.Build.0 = Release|Any CPU
		{A3667AEE-EA26-43B5-81E8-2FF410F25241}.Debug|Any CPU.ActiveCfg = Debug|Any CPU
		{A3667AEE-EA26-43B5-81E8-2FF410F25241}.Debug|Any CPU.Build.0 = Debug|Any CPU
		{A3667AEE-EA26-43B5-81E8-2FF410F25241}.Release|Any CPU.ActiveCfg = Release|Any CPU
		{A3667AEE-EA26-43B5-81E8-2FF410F25241}.Release|Any CPU.Build.0 = Release|Any CPU
		{58EE3302-BB18-443D-B016-AE2072F1A467}.Debug|Any CPU.ActiveCfg = Debug|Any CPU
		{58EE3302-BB18-443D-B016-AE2072F1A467}.Debug|Any CPU.Build.0 = Debug|Any CPU
		{58EE3302-BB18-443D-B016-AE2072F1A467}.Release|Any CPU.ActiveCfg = Release|Any CPU
		{58EE3302-BB18-443D-B016-AE2072F1A467}.Release|Any CPU.Build.0 = Release|Any CPU
		{F5FA27B5-20AE-41A1-81F5-34E574D6B726}.Debug|Any CPU.ActiveCfg = Debug|Any CPU
		{F5FA27B5-20AE-41A1-81F5-34E574D6B726}.Debug|Any CPU.Build.0 = Debug|Any CPU
		{F5FA27B5-20AE-41A1-81F5-34E574D6B726}.Release|Any CPU.ActiveCfg = Release|Any CPU
		{F5FA27B5-20AE-41A1-81F5-34E574D6B726}.Release|Any CPU.Build.0 = Release|Any CPU
	EndGlobalSection
	GlobalSection(SolutionProperties) = preSolution
		HideSolutionNode = FALSE
	EndGlobalSection
EndGlobal
